
Microsoft Visual Studio Solution File, Format Version 12.00
# Visual Studio Version 16
VisualStudioVersion = 16.0.32228.343
MinimumVisualStudioVersion = 10.0.40219.1
Project("{FAE04EC0-301F-11D3-BF4B-00C04F79EFBC}") = "Bowling", "Bowling.csproj", "{E839063F-88AA-48CB-86B3-E7F9D36F842F}"
EndProject
Global
	GlobalSection(SolutionConfigurationPlatforms) = preSolution
		Debug|Any CPU = Debug|Any CPU
		Release|Any CPU = Release|Any CPU
	EndGlobalSection
	GlobalSection(ProjectConfigurationPlatforms) = postSolution
		{E839063F-88AA-48CB-86B3-E7F9D36F842F}.Debug|Any CPU.ActiveCfg = Debug|Any CPU
		{E839063F-88AA-48CB-86B3-E7F9D36F842F}.Debug|Any CPU.Build.0 = Debug|Any CPU
		{E839063F-88AA-48CB-86B3-E7F9D36F842F}.Release|Any CPU.ActiveCfg = Release|Any CPU
		{E839063F-88AA-48CB-86B3-E7F9D36F842F}.Release|Any CPU.Build.0 = Release|Any CPU
	EndGlobalSection
	GlobalSection(SolutionProperties) = preSolution
		HideSolutionNode = FALSE
	EndGlobalSection
	GlobalSection(ExtensibilityGlobals) = postSolution
		SolutionGuid = {D9F4F961-B6C7-4E8D-97E0-39FDAF828898}
	EndGlobalSection
EndGlobal
